
Microsoft Visual Studio Solution File, Format Version 12.00
# Visual Studio Version 17
VisualStudioVersion = 17.8.34330.188
MinimumVisualStudioVersion = 10.0.40219.1
Project("{FAE04EC0-301F-11D3-BF4B-00C04F79EFBC}") = "TableSchemaManagerTool", "TableSchemaManagerTool\TableSchemaManagerTool.csproj", "{D6B40265-CD33-460A-B060-76BC92B936CA}"
EndProject
Global
	GlobalSection(SolutionConfigurationPlatforms) = preSolution
		Debug|Any CPU = Debug|Any CPU
		Release|Any CPU = Release|Any CPU
	EndGlobalSection
	GlobalSection(ProjectConfigurationPlatforms) = postSolution
		{D6B40265-CD33-460A-B060-76BC92B936CA}.Debug|Any CPU.ActiveCfg = Debug|Any CPU
		{D6B40265-CD33-460A-B060-76BC92B936CA}.Debug|Any CPU.Build.0 = Debug|Any CPU
		{D6B40265-CD33-460A-B060-76BC92B936CA}.Release|Any CPU.ActiveCfg = Release|Any CPU
		{D6B40265-CD33-460A-B060-76BC92B936CA}.Release|Any CPU.Build.0 = Release|Any CPU
	EndGlobalSection
	GlobalSection(SolutionProperties) = preSolution
		HideSolutionNode = FALSE
	EndGlobalSection
	GlobalSection(ExtensibilityGlobals) = postSolution
		SolutionGuid = {A289A493-45A8-4648-9AA4-58B2439E4208}
	EndGlobalSection
EndGlobal
